
Microsoft Visual Studio Solution File, Format Version 12.00
# Visual Studio Version 17
VisualStudioVersion = 17.4.33110.190
MinimumVisualStudioVersion = 10.0.40219.1
Project("{8BC9CEB8-8B4A-11D0-8D11-00A0C91BC942}") = "ServerChat", "ServerChat\ServerChat.vcxproj", "{BCFD86DE-994A-445F-A759-4B96342F41F5}"
EndProject
Global
	GlobalSection(SolutionConfigurationPlatforms) = preSolution
		Debug|x64 = Debug|x64
		Debug|x86 = Debug|x86
		Release|x64 = Release|x64
		Release|x86 = Release|x86
	EndGlobalSection
	GlobalSection(ProjectConfigurationPlatforms) = postSolution
		{BCFD86DE-994A-445F-A759-4B96342F41F5}.Debug|x64.ActiveCfg = Debug|x64
		{BCFD86DE-994A-445F-A759-4B96342F41F5}.Debug|x64.Build.0 = Debug|x64
		{BCFD86DE-994A-445F-A759-4B96342F41F5}.Debug|x86.ActiveCfg = Debug|Win32
		{BCFD86DE-994A-445F-A759-4B96342F41F5}.Debug|x86.Build.0 = Debug|Win32
		{BCFD86DE-994A-445F-A759-4B96342F41F5}.Release|x64.ActiveCfg = Release|x64
		{BCFD86DE-994A-445F-A759-4B96342F41F5}.Release|x64.Build.0 = Release|x64
		{BCFD86DE-994A-445F-A759-4B96342F41F5}.Release|x86.ActiveCfg = Release|Win32
		{BCFD86DE-994A-445F-A759-4B96342F41F5}.Release|x86.Build.0 = Release|Win32
	EndGlobalSection
	GlobalSection(SolutionProperties) = preSolution
		HideSolutionNode = FALSE
	EndGlobalSection
	GlobalSection(ExtensibilityGlobals) = postSolution
		SolutionGuid = {FBB201C8-BB52-4142-9BBD-A48141A79D08}
	EndGlobalSection
EndGlobal
